
Microsoft Visual Studio Solution File, Format Version 12.00
# Visual Studio Version 16
VisualStudioVersion = 16.0.31025.194
MinimumVisualStudioVersion = 10.0.40219.1
Project("{9A19103F-16F7-4668-BE54-9A1E7A4F7556}") = "Bullhorn", "src\Bullhorn\Bullhorn.csproj", "{898CB13C-24D0-4E4D-B44C-400AFFF1924E}"
EndProject
Project("{9A19103F-16F7-4668-BE54-9A1E7A4F7556}") = "Bullhorn.CommandLine", "src\Bullhorn.CommandLine\Bullhorn.CommandLine.csproj", "{CF6BB009-F410-471B-928D-84AE6C2343AF}"
EndProject
Project("{2150E333-8FDC-42A3-9474-1A3956D46DE8}") = "Solution Items", "Solution Items", "{AC64CBDA-BC89-415B-AFD2-E6794F72D43E}"
	ProjectSection(SolutionItems) = preProject
		.github\workflows\dotnet-nuget.yml = .github\workflows\dotnet-nuget.yml
		.github\workflows\dotnet-nuget3.1.yml = .github\workflows\dotnet-nuget3.1.yml
		.github\workflows\dotnet.yml = .github\workflows\dotnet.yml
		.github\workflows\dotnet3.1.yml = .github\workflows\dotnet3.1.yml
		README.md = README.md
	EndProjectSection
EndProject
Project("{9A19103F-16F7-4668-BE54-9A1E7A4F7556}") = "CodeCapital.System.Text.Json", "..\AspNetCoreGithub\src\CodeCapital.System.Text.Json\CodeCapital.System.Text.Json.csproj", "{0E232BFF-D045-49A3-A92E-B07F2955AC6D}"
EndProject
Global
	GlobalSection(SolutionConfigurationPlatforms) = preSolution
		Debug|Any CPU = Debug|Any CPU
		Release|Any CPU = Release|Any CPU
	EndGlobalSection
	GlobalSection(ProjectConfigurationPlatforms) = postSolution
		{898CB13C-24D0-4E4D-B44C-400AFFF1924E}.Debug|Any CPU.ActiveCfg = Debug|Any CPU
		{898CB13C-24D0-4E4D-B44C-400AFFF1924E}.Debug|Any CPU.Build.0 = Debug|Any CPU
		{898CB13C-24D0-4E4D-B44C-400AFFF1924E}.Release|Any CPU.ActiveCfg = Release|Any CPU
		{898CB13C-24D0-4E4D-B44C-400AFFF1924E}.Release|Any CPU.Build.0 = Release|Any CPU
		{CF6BB009-F410-471B-928D-84AE6C2343AF}.Debug|Any CPU.ActiveCfg = Debug|Any CPU
		{CF6BB009-F410-471B-928D-84AE6C2343AF}.Debug|Any CPU.Build.0 = Debug|Any CPU
		{CF6BB009-F410-471B-928D-84AE6C2343AF}.Release|Any CPU.ActiveCfg = Release|Any CPU
		{CF6BB009-F410-471B-928D-84AE6C2343AF}.Release|Any CPU.Build.0 = Release|Any CPU
		{0E232BFF-D045-49A3-A92E-B07F2955AC6D}.Debug|Any CPU.ActiveCfg = Debug|Any CPU
		{0E232BFF-D045-49A3-A92E-B07F2955AC6D}.Debug|Any CPU.Build.0 = Debug|Any CPU
		{0E232BFF-D045-49A3-A92E-B07F2955AC6D}.Release|Any CPU.ActiveCfg = Release|Any CPU
		{0E232BFF-D045-49A3-A92E-B07F2955AC6D}.Release|Any CPU.Build.0 = Release|Any CPU
	EndGlobalSection
	GlobalSection(SolutionProperties) = preSolution
		HideSolutionNode = FALSE
	EndGlobalSection
	GlobalSection(ExtensibilityGlobals) = postSolution
		SolutionGuid = {A0EA869B-542D-4812-AA6E-EB6F6455C853}
	EndGlobalSection
EndGlobal
